
Microsoft Visual Studio Solution File, Format Version 12.00
# Visual Studio Version 17
VisualStudioVersion = 17.1.32104.313
MinimumVisualStudioVersion = 10.0.40219.1
Project("{9A19103F-16F7-4668-BE54-9A1E7A4F7556}") = "NinKode.WebApi", "NinKode.WebApi\NinKode.WebApi.csproj", "{9FCE96E9-CF80-4C64-B30E-AEE9A3982C8C}"
EndProject
Project("{9A19103F-16F7-4668-BE54-9A1E7A4F7556}") = "NinKode.Common", "NinKode.Common\NinKode.Common.csproj", "{5FEC9411-96C6-4624-B822-97424F616CC6}"
EndProject
Project("{9A19103F-16F7-4668-BE54-9A1E7A4F7556}") = "NinKode.Database", "NinKode.Database\NinKode.Database.csproj", "{D4331E41-18F9-480C-9D1D-88682344A463}"
EndProject
Project("{2150E333-8FDC-42A3-9474-1A3956D46DE8}") = "Docker", "Docker", "{30236E4F-012A-41BA-818E-C5508ED3E64A}"
	ProjectSection(SolutionItems) = preProject
		.gitignore = .gitignore
		.travis.yml = .travis.yml
		Dockerfile = Dockerfile
	EndProjectSection
EndProject
Project("{9A19103F-16F7-4668-BE54-9A1E7A4F7556}") = "NiN.Database", "NiN.Database\NiN.Database.csproj", "{770203A8-DA74-4EEB-95E5-0F8CBE9B019C}"
EndProject
Project("{2150E333-8FDC-42A3-9474-1A3956D46DE8}") = "NinKode", "NinKode", "{75D994BD-77C9-47EE-A2AD-8071BE0C9006}"
EndProject
Project("{2150E333-8FDC-42A3-9474-1A3956D46DE8}") = "Common", "Common", "{54871604-1AFF-4D3A-AD09-863F76179566}"
	ProjectSection(SolutionItems) = preProject
		global.json = global.json
		README.md = README.md
	EndProjectSection
EndProject
Project("{2150E333-8FDC-42A3-9474-1A3956D46DE8}") = "NiN", "NiN", "{46EF6F12-0079-4702-B5D0-5C319C217FA6}"
EndProject
Project("{9A19103F-16F7-4668-BE54-9A1E7A4F7556}") = "NiN.Console", "NiN.Console\NiN.Console.csproj", "{91C7732E-D9AA-446C-8AC7-A39D5B5FF5DF}"
EndProject
Project("{9A19103F-16F7-4668-BE54-9A1E7A4F7556}") = "NiN.ExportImport", "NiN.ExportImport\NiN.ExportImport.csproj", "{60EC75D0-F24B-4B96-BA90-AAACB50430F9}"
EndProject
Project("{9A19103F-16F7-4668-BE54-9A1E7A4F7556}") = "NiN.CmsImpExp", "NiN.CmsImpExp\NiN.CmsImpExp.csproj", "{140FEC8B-EA7A-43AB-AF19-0318F0B467DA}"
EndProject
Project("{9A19103F-16F7-4668-BE54-9A1E7A4F7556}") = "NiN.Test_CmsImpExp", "NiN.Test_CmsImpExp\NiN.Test_CmsImpExp.csproj", "{95712A33-774B-42DA-B1C6-8C0654AC29B6}"
EndProject
Project("{9A19103F-16F7-4668-BE54-9A1E7A4F7556}") = "NiN3.Console", "NiN3.Console\NiN3.Console.csproj", "{767EEBC6-8F2B-44C7-BA82-93102E1D4386}"
EndProject
Project("{9A19103F-16F7-4668-BE54-9A1E7A4F7556}") = "NiN3.Core", "NiN3.Core\NiN3.Core.csproj", "{A5F7D672-68E5-4BC2-84D8-4E41A9B204E2}"
EndProject
Project("{9A19103F-16F7-4668-BE54-9A1E7A4F7556}") = "NiN3.Infrastructure", "NiN3.Infrastructure\NiN3.Infrastructure.csproj", "{8432DECE-4D0E-40F4-A7AF-DE71B428E8D4}"
EndProject
Project("{9A19103F-16F7-4668-BE54-9A1E7A4F7556}") = "NiN3.Infrastructure.Mapping", "Infrastructure.Mapping\NiN3.Infrastructure.Mapping.csproj", "{3682A57C-B7D0-4F49-869F-DBB064DDEA41}"
EndProject
Project("{2150E333-8FDC-42A3-9474-1A3956D46DE8}") = "Solution Items", "Solution Items", "{FAC2E6B2-0B89-439A-93F7-239D6DB15992}"
EndProject
Project("{9A19103F-16F7-4668-BE54-9A1E7A4F7556}") = "NiN3.Tests", "NiN3.Tests\NiN3.Tests.csproj", "{4B7A2F2C-BACC-454A-8EBB-BE962ED68A2A}"
EndProject
Global
	GlobalSection(SolutionConfigurationPlatforms) = preSolution
		Debug|Any CPU = Debug|Any CPU
		Release|Any CPU = Release|Any CPU
	EndGlobalSection
	GlobalSection(ProjectConfigurationPlatforms) = postSolution
		{9FCE96E9-CF80-4C64-B30E-AEE9A3982C8C}.Debug|Any CPU.ActiveCfg = Debug|Any CPU
		{9FCE96E9-CF80-4C64-B30E-AEE9A3982C8C}.Debug|Any CPU.Build.0 = Debug|Any CPU
		{9FCE96E9-CF80-4C64-B30E-AEE9A3982C8C}.Release|Any CPU.ActiveCfg = Release|Any CPU
		{9FCE96E9-CF80-4C64-B30E-AEE9A3982C8C}.Release|Any CPU.Build.0 = Release|Any CPU
		{5FEC9411-96C6-4624-B822-97424F616CC6}.Debug|Any CPU.ActiveCfg = Debug|Any CPU
		{5FEC9411-96C6-4624-B822-97424F616CC6}.Debug|Any CPU.Build.0 = Debug|Any CPU
		{5FEC9411-96C6-4624-B822-97424F616CC6}.Release|Any CPU.ActiveCfg = Release|Any CPU
		{5FEC9411-96C6-4624-B822-97424F616CC6}.Release|Any CPU.Build.0 = Release|Any CPU
		{D4331E41-18F9-480C-9D1D-88682344A463}.Debug|Any CPU.ActiveCfg = Debug|Any CPU
		{D4331E41-18F9-480C-9D1D-88682344A463}.Debug|Any CPU.Build.0 = Debug|Any CPU
		{D4331E41-18F9-480C-9D1D-88682344A463}.Release|Any CPU.ActiveCfg = Release|Any CPU
		{D4331E41-18F9-480C-9D1D-88682344A463}.Release|Any CPU.Build.0 = Release|Any CPU
		{770203A8-DA74-4EEB-95E5-0F8CBE9B019C}.Debug|Any CPU.ActiveCfg = Debug|Any CPU
		{770203A8-DA74-4EEB-95E5-0F8CBE9B019C}.Debug|Any CPU.Build.0 = Debug|Any CPU
		{770203A8-DA74-4EEB-95E5-0F8CBE9B019C}.Release|Any CPU.ActiveCfg = Release|Any CPU
		{770203A8-DA74-4EEB-95E5-0F8CBE9B019C}.Release|Any CPU.Build.0 = Release|Any CPU
		{91C7732E-D9AA-446C-8AC7-A39D5B5FF5DF}.Debug|Any CPU.ActiveCfg = Debug|Any CPU
		{91C7732E-D9AA-446C-8AC7-A39D5B5FF5DF}.Debug|Any CPU.Build.0 = Debug|Any CPU
		{91C7732E-D9AA-446C-8AC7-A39D5B5FF5DF}.Release|Any CPU.ActiveCfg = Release|Any CPU
		{91C7732E-D9AA-446C-8AC7-A39D5B5FF5DF}.Release|Any CPU.Build.0 = Release|Any CPU
		{60EC75D0-F24B-4B96-BA90-AAACB50430F9}.Debug|Any CPU.ActiveCfg = Debug|Any CPU
		{60EC75D0-F24B-4B96-BA90-AAACB50430F9}.Debug|Any CPU.Build.0 = Debug|Any CPU
		{60EC75D0-F24B-4B96-BA90-AAACB50430F9}.Release|Any CPU.ActiveCfg = Release|Any CPU
		{60EC75D0-F24B-4B96-BA90-AAACB50430F9}.Release|Any CPU.Build.0 = Release|Any CPU
		{140FEC8B-EA7A-43AB-AF19-0318F0B467DA}.Debug|Any CPU.ActiveCfg = Debug|Any CPU
		{140FEC8B-EA7A-43AB-AF19-0318F0B467DA}.Debug|Any CPU.Build.0 = Debug|Any CPU
		{140FEC8B-EA7A-43AB-AF19-0318F0B467DA}.Release|Any CPU.ActiveCfg = Release|Any CPU
		{140FEC8B-EA7A-43AB-AF19-0318F0B467DA}.Release|Any CPU.Build.0 = Release|Any CPU
		{95712A33-774B-42DA-B1C6-8C0654AC29B6}.Debug|Any CPU.ActiveCfg = Debug|Any CPU
		{95712A33-774B-42DA-B1C6-8C0654AC29B6}.Debug|Any CPU.Build.0 = Debug|Any CPU
		{95712A33-774B-42DA-B1C6-8C0654AC29B6}.Release|Any CPU.ActiveCfg = Release|Any CPU
		{95712A33-774B-42DA-B1C6-8C0654AC29B6}.Release|Any CPU.Build.0 = Release|Any CPU
		{767EEBC6-8F2B-44C7-BA82-93102E1D4386}.Debug|Any CPU.ActiveCfg = Debug|Any CPU
		{767EEBC6-8F2B-44C7-BA82-93102E1D4386}.Debug|Any CPU.Build.0 = Debug|Any CPU
		{767EEBC6-8F2B-44C7-BA82-93102E1D4386}.Release|Any CPU.ActiveCfg = Release|Any CPU
		{767EEBC6-8F2B-44C7-BA82-93102E1D4386}.Release|Any CPU.Build.0 = Release|Any CPU
		{A5F7D672-68E5-4BC2-84D8-4E41A9B204E2}.Debug|Any CPU.ActiveCfg = Debug|Any CPU
		{A5F7D672-68E5-4BC2-84D8-4E41A9B204E2}.Debug|Any CPU.Build.0 = Debug|Any CPU
		{A5F7D672-68E5-4BC2-84D8-4E41A9B204E2}.Release|Any CPU.ActiveCfg = Release|Any CPU
		{A5F7D672-68E5-4BC2-84D8-4E41A9B204E2}.Release|Any CPU.Build.0 = Release|Any CPU
		{8432DECE-4D0E-40F4-A7AF-DE71B428E8D4}.Debug|Any CPU.ActiveCfg = Debug|Any CPU
		{8432DECE-4D0E-40F4-A7AF-DE71B428E8D4}.Debug|Any CPU.Build.0 = Debug|Any CPU
		{8432DECE-4D0E-40F4-A7AF-DE71B428E8D4}.Release|Any CPU.ActiveCfg = Release|Any CPU
		{8432DECE-4D0E-40F4-A7AF-DE71B428E8D4}.Release|Any CPU.Build.0 = Release|Any CPU
		{3682A57C-B7D0-4F49-869F-DBB064DDEA41}.Debug|Any CPU.ActiveCfg = Debug|Any CPU
		{3682A57C-B7D0-4F49-869F-DBB064DDEA41}.Debug|Any CPU.Build.0 = Debug|Any CPU
		{3682A57C-B7D0-4F49-869F-DBB064DDEA41}.Release|Any CPU.ActiveCfg = Release|Any CPU
		{3682A57C-B7D0-4F49-869F-DBB064DDEA41}.Release|Any CPU.Build.0 = Release|Any CPU
		{4B7A2F2C-BACC-454A-8EBB-BE962ED68A2A}.Debug|Any CPU.ActiveCfg = Debug|Any CPU
		{4B7A2F2C-BACC-454A-8EBB-BE962ED68A2A}.Debug|Any CPU.Build.0 = Debug|Any CPU
		{4B7A2F2C-BACC-454A-8EBB-BE962ED68A2A}.Release|Any CPU.ActiveCfg = Release|Any CPU
		{4B7A2F2C-BACC-454A-8EBB-BE962ED68A2A}.Release|Any CPU.Build.0 = Release|Any CPU
	EndGlobalSection
	GlobalSection(SolutionProperties) = preSolution
		HideSolutionNode = FALSE
	EndGlobalSection
	GlobalSection(NestedProjects) = preSolution
		{5FEC9411-96C6-4624-B822-97424F616CC6} = {54871604-1AFF-4D3A-AD09-863F76179566}
		{D4331E41-18F9-480C-9D1D-88682344A463} = {75D994BD-77C9-47EE-A2AD-8071BE0C9006}
		{30236E4F-012A-41BA-818E-C5508ED3E64A} = {54871604-1AFF-4D3A-AD09-863F76179566}
		{770203A8-DA74-4EEB-95E5-0F8CBE9B019C} = {46EF6F12-0079-4702-B5D0-5C319C217FA6}
		{91C7732E-D9AA-446C-8AC7-A39D5B5FF5DF} = {46EF6F12-0079-4702-B5D0-5C319C217FA6}
		{60EC75D0-F24B-4B96-BA90-AAACB50430F9} = {54871604-1AFF-4D3A-AD09-863F76179566}
		{140FEC8B-EA7A-43AB-AF19-0318F0B467DA} = {46EF6F12-0079-4702-B5D0-5C319C217FA6}
		{95712A33-774B-42DA-B1C6-8C0654AC29B6} = {46EF6F12-0079-4702-B5D0-5C319C217FA6}
	EndGlobalSection
	GlobalSection(ExtensibilityGlobals) = postSolution
		SolutionGuid = {7E11C2B2-96F2-4E82-BA4D-7D89391ADD01}
	EndGlobalSection
EndGlobal
